
Microsoft Visual Studio Solution File, Format Version 12.00
# Visual Studio 15
VisualStudioVersion = 15.0.28307.168
MinimumVisualStudioVersion = 10.0.40219.1
Project("{FAE04EC0-301F-11D3-BF4B-00C04F79EFBC}") = "LetsRide", "LetsRide\LetsRide.csproj", "{FE3EADCF-2357-42F1-9540-FFB6411877B1}"
EndProject
Global
	GlobalSection(SolutionConfigurationPlatforms) = preSolution
		Debug|Any CPU = Debug|Any CPU
		Release|Any CPU = Release|Any CPU
	EndGlobalSection
	GlobalSection(ProjectConfigurationPlatforms) = postSolution
		{FE3EADCF-2357-42F1-9540-FFB6411877B1}.Debug|Any CPU.ActiveCfg = Debug|Any CPU
		{FE3EADCF-2357-42F1-9540-FFB6411877B1}.Debug|Any CPU.Build.0 = Debug|Any CPU
		{FE3EADCF-2357-42F1-9540-FFB6411877B1}.Release|Any CPU.ActiveCfg = Release|Any CPU
		{FE3EADCF-2357-42F1-9540-FFB6411877B1}.Release|Any CPU.Build.0 = Release|Any CPU
	EndGlobalSection
	GlobalSection(SolutionProperties) = preSolution
		HideSolutionNode = FALSE
	EndGlobalSection
	GlobalSection(ExtensibilityGlobals) = postSolution
		SolutionGuid = {114DF55E-F866-4A8E-A19C-E9C4AF786FBC}
	EndGlobalSection
EndGlobal
